[{<<"adb_core">>,
  {git,"https://github.com/Angra-DB/core.git",
       {ref,"403c3fb5b495a5c57d56603f12f4207e9d5c94e8"}},
  0},
 {<<"gen_web_server">>,
  {git,"https://github.com/Angra-DB/gen_web_server.git",
       {ref,"e208d70e750474a0f8a4f3bd147788ace8e3b4f7"}},
  0},
 {<<"hashids">>,
  {git,"git://github.com/snaiper80/hashids-erlang.git",
       {ref,"d353f0b9fd780d17a178efa777d621c720af5ea1"}},
  1},
 {<<"lager">>,
  {git,"https://github.com/basho/lager.git",
       {ref,"d8ad5eb64a6dda296d8706aa2cd664a4a84e8129"}},
  0}].
